{
  "requires": true,
  "lockfileVersion": 1,
  "dependencies": {
    "plotly.js-dist": {
      "version": "2.27.1",
      "resolved": "https://registry.npmjs.org/plotly.js-dist/-/plotly.js-dist-2.27.1.tgz",
      "integrity": "sha512-0ANRbzVXbi4H01njmpOSPSUoo6NVTZC/gJJhn4J2lUx6Woc5j1Fye3A0+VwXYV2+UxCEU7WTkyaI2y8l4bCu4A=="
    }
  }
}
